// !$*UTF8*$!
{
	archiveVersion = 1;
	classes = {
	};
	objectVersion = 50;
	objects = {

/* Begin PBXBuildFile section */
		794005FF262809CB003B042F /* GenericGradientProgressBar.swift in Sources */ = {isa = PBXBuildFile; fileRef = 794005FE262809CB003B042F /* GenericGradientProgressBar.swift */; };
		79D61F1A2627079C009EA86A /* AppDelegate.swift in Sources */ = {isa = PBXBuildFile; fileRef = 79D61F192627079C009EA86A /* AppDelegate.swift */; };
		79D61F1C2627079C009EA86A /* SceneDelegate.swift in Sources */ = {isa = PBXBuildFile; fileRef = 79D61F1B2627079C009EA86A /* SceneDelegate.swift */; };
		79D61F1E2627079C009EA86A /* ContentView.swift in Sources */ = {isa = PBXBuildFile; fileRef = 79D61F1D2627079C009EA86A /* ContentView.swift */; };
		79D61F202627079D009EA86A /* Assets.xcassets in Resources */ = {isa = PBXBuildFile; fileRef = 79D61F1F2627079D009EA86A /* Assets.xcassets */; };
		79D61F232627079E009EA86A /* Preview Assets.xcassets in Resources */ = {isa = PBXBuildFile; fileRef = 79D61F222627079E009EA86A /* Preview Assets.xcassets */; };
		79D61F262627079E009EA86A /* LaunchScreen.storyboard in Resources */ = {isa = PBXBuildFile; fileRef = 79D61F242627079E009EA86A /* LaunchScreen.storyboard */; };
/* End PBXBuildFile section */

/* Begin PBXFileReference section */
		794005FE262809CB003B042F /* GenericGradientProgressBar.swift */ = {isa = PBXFileReference; lastKnownFileType = sourcecode.swift; path = GenericGradientProgressBar.swift; sourceTree = "<group>"; };
		79D61F162627079C009EA86A /* GenericGradientProgressViewSwiftUI.app */ = {isa = PBXFileReference; explicitFileType = wrapper.application; includeInIndex = 0; path = GenericGradientProgressViewSwiftUI.app; sourceTree = BUILT_PRODUCTS_DIR; };
		79D61F192627079C009EA86A /* AppDelegate.swift */ = {isa = PBXFileReference; lastKnownFileType = sourcecode.swift; path = AppDelegate.swift; sourceTree = "<group>"; };
		79D61F1B2627079C009EA86A /* SceneDelegate.swift */ = {isa = PBXFileReference; lastKnownFileType = sourcecode.swift; path = SceneDelegate.swift; sourceTree = "<group>"; };
		79D61F1D2627079C009EA86A /* ContentView.swift */ = {isa = PBXFileReference; lastKnownFileType = sourcecode.swift; path = ContentView.swift; sourceTree = "<group>"; };
		79D61F1F2627079D009EA86A /* Assets.xcassets */ = {isa = PBXFileReference; lastKnownFileType = folder.assetcatalog; path = Assets.xcassets; sourceTree = "<group>"; };
		79D61F222627079E009EA86A /* Preview Assets.xcassets */ = {isa = PBXFileReference; lastKnownFileType = folder.assetcatalog; path = "Preview Assets.xcassets"; sourceTree = "<group>"; };
		79D61F252627079E009EA86A /* Base */ = {isa = PBXFileReference; lastKnownFileType = file.storyboard; name = Base; path = Base.lproj/LaunchScreen.storyboard; sourceTree = "<group>"; };
		79D61F272627079E009EA86A /* Info.plist */ = {isa = PBXFileReference; lastKnownFileType = text.plist.xml; path = Info.plist; sourceTree = "<group>"; };
/* End PBXFileReference section */

/* Begin PBXFrameworksBuildPhase section */
		79D61F132627079C009EA86A /* Frameworks */ = {
			isa = PBXFrameworksBuildPhase;
			buildActionMask = 2147483647;
			files = (
			);
			runOnlyForDeploymentPostprocessing = 0;
		};
/* End PBXFrameworksBuildPhase section */

/* Begin PBXGroup section */
		79D61F0D2627079C009EA86A = {
			isa = PBXGroup;
			children = (
				79D61F182627079C009EA86A /* GenericGradientProgressViewSwiftUI */,
				79D61F172627079C009EA86A /* Products */,
			);
			sourceTree = "<group>";
		};
		79D61F172627079C009EA86A /* Products */ = {
			isa = PBXGroup;
			children = (
				79D61F162627079C009EA86A /* GenericGradientProgressViewSwiftUI.app */,
			);
			name = Products;
			sourceTree = "<group>";
		};
		79D61F182627079C009EA86A /* GenericGradientProgressViewSwiftUI */ = {
			isa = PBXGroup;
			children = (
				79D61F192627079C009EA86A /* AppDelegate.swift */,
				79D61F1B2627079C009EA86A /* SceneDelegate.swift */,
				79D61F1D2627079C009EA86A /* ContentView.swift */,
				794005FE262809CB003B042F /* GenericGradientProgressBar.swift */,
				79D61F1F2627079D009EA86A /* Assets.xcassets */,
				79D61F242627079E009EA86A /* LaunchScreen.storyboard */,
				79D61F272627079E009EA86A /* Info.plist */,
				79D61F212627079E009EA86A /* Preview Content */,
			);
			path = GenericGradientProgressViewSwiftUI;
			sourceTree = "<group>";
		};
		79D61F212627079E009EA86A /* Preview Content */ = {
			isa = PBXGroup;
			children = (
				79D61F222627079E009EA86A /* Preview Assets.xcassets */,
			);
			path = "Preview Content";
			sourceTree = "<group>";
		};
/* End PBXGroup section */

/* Begin PBXNativeTarget section */
		79D61F152627079C009EA86A /* GenericGradientProgressViewSwiftUI */ = {
			isa = PBXNativeTarget;
			buildConfigurationList = 79D61F2A2627079E009EA86A /* Build configuration list for PBXNativeTarget "GenericGradientProgressViewSwiftUI" */;
			buildPhases = (
				79D61F122627079C009EA86A /* Sources */,
				79D61F132627079C009EA86A /* Frameworks */,
				79D61F142627079C009EA86A /* Resources */,
			);
			buildRules = (
			);
			dependencies = (
			);
			name = GenericGradientProgressViewSwiftUI;
			productName = GenericGradientProgressViewSwiftUI;
			productReference = 79D61F162627079C009EA86A /* GenericGradientProgressViewSwiftUI.app */;
			productType = "com.apple.product-type.application";
		};
/* End PBXNativeTarget section */

/* Begin PBXProject section */
		79D61F0E2627079C009EA86A /* Project object */ = {
			isa = PBXProject;
			attributes = {
				LastSwiftUpdateCheck = 1240;
				LastUpgradeCheck = 1240;
				TargetAttributes = {
					79D61F152627079C009EA86A = {
						CreatedOnToolsVersion = 12.4;
					};
				};
			};
			buildConfigurationList = 79D61F112627079C009EA86A /* Build configuration list for PBXProject "GenericGradientProgressViewSwiftUI" */;
			compatibilityVersion = "Xcode 9.3";
			developmentRegion = en;
			hasScannedForEncodings = 0;
			knownRegions = (
				en,
				Base,
			);
			mainGroup = 79D61F0D2627079C009EA86A;
			productRefGroup = 79D61F172627079C009EA86A /* Products */;
			projectDirPath = "";
			projectRoot = "";
			targets = (
				79D61F152627079C009EA86A /* GenericGradientProgressViewSwiftUI */,
			);
		};
/* End PBXProject section */

/* Begin PBXResourcesBuildPhase section */
		79D61F142627079C009EA86A /* Resources */ = {
			isa = PBXResourcesBuildPhase;
			buildActionMask = 2147483647;
			files = (
				79D61F262627079E009EA86A /* LaunchScreen.storyboard in Resources */,
				79D61F232627079E009EA86A /* Preview Assets.xcassets in Resources */,
				79D61F202627079D009EA86A /* Assets.xcassets in Resources */,
			);
			runOnlyForDeploymentPostprocessing = 0;
		};
/* End PBXResourcesBuildPhase section */

/* Begin PBXSourcesBuildPhase section */
		79D61F122627079C009EA86A /* Sources */ = {
			isa = PBXSourcesBuildPhase;
			buildActionMask = 2147483647;
			files = (
				79D61F1A2627079C009EA86A /* AppDelegate.swift in Sources */,
				794005FF262809CB003B042F /* GenericGradientProgressBar.swift in Sources */,
				79D61F1C2627079C009EA86A /* SceneDelegate.swift in Sources */,
				79D61F1E2627079C009EA86A /* ContentView.swift in Sources */,
			);
			runOnlyForDeploymentPostprocessing = 0;
		};
/* End PBXSourcesBuildPhase section */

/* Begin PBXVariantGroup section */
		79D61F242627079E009EA86A /* LaunchScreen.storyboard */ = {
			isa = PBXVariantGroup;
			children = (
				79D61F252627079E009EA86A /* Base */,
			);
			name = LaunchScreen.storyboard;
			sourceTree = "<group>";
		};
/* End PBXVariantGroup section */

/* Begin XCBuildConfiguration section */
		79D61F282627079E009EA86A /* Debug */ = {
			isa = XCBuildConfiguration;
			buildSettings = {
				ALWAYS_SEARCH_USER_PATHS = NO;
				CLANG_ANALYZER_NONNULL = YES;
				CLANG_ANALYZER_NUMBER_OBJECT_CONVERSION = YES_AGGRESSIVE;
				CLANG_CXX_LANGUAGE_STANDARD = "gnu++14";
				CLANG_CXX_LIBRARY = "libc++";
				CLANG_ENABLE_MODULES = YES;
				CLANG_ENABLE_OBJC_ARC = YES;
				CLANG_ENABLE_OBJC_WEAK = YES;
				CLANG_WARN_BLOCK_CAPTURE_AUTORELEASING = YES;
				CLANG_WARN_BOOL_CONVERSION = YES;
				CLANG_WARN_COMMA = YES;
				CLANG_WARN_CONSTANT_CONVERSION = YES;
				CLANG_WARN_DEPRECATED_OBJC_IMPLEMENTATIONS = YES;
				CLANG_WARN_DIRECT_OBJC_ISA_USAGE = YES_ERROR;
				CLANG_WARN_DOCUMENTATION_COMMENTS = YES;
				CLANG_WARN_EMPTY_BODY = YES;
				CLANG_WARN_ENUM_CONVERSION = YES;
				CLANG_WARN_INFINITE_RECURSION = YES;
				CLANG_WARN_INT_CONVERSION = YES;
				CLANG_WARN_NON_LITERAL_NULL_CONVERSION = YES;
				CLANG_WARN_OBJC_IMPLICIT_RETAIN_SELF = YES;
				CLANG_WARN_OBJC_LITERAL_CONVERSION = YES;
				CLANG_WARN_OBJC_ROOT_CLASS = YES_ERROR;
				CLANG_WARN_QUOTED_INCLUDE_IN_FRAMEWORK_HEADER = YES;
				CLANG_WARN_RANGE_LOOP_ANALYSIS = YES;
				CLANG_WARN_STRICT_PROTOTYPES = YES;
				CLANG_WARN_SUSPICIOUS_MOVE = YES;
				CLANG_WARN_UNGUARDED_AVAILABILITY = YES_AGGRESSIVE;
				CLANG_WARN_UNREACHABLE_CODE = YES;
				CLANG_WARN__DUPLICATE_METHOD_MATCH = YES;
				COPY_PHASE_STRIP = NO;
				DEBUG_INFORMATION_FORMAT = dwarf;
				ENABLE_STRICT_OBJC_MSGSEND = YES;
				ENABLE_TESTABILITY = YES;
				GCC_C_LANGUAGE_STANDARD = gnu11;
				GCC_DYNAMIC_NO_PIC = NO;
				GCC_NO_COMMON_BLOCKS = YES;
				GCC_OPTIMIZATION_LEVEL = 0;
				GCC_PREPROCESSOR_DEFINITIONS = (
					"DEBUG=1",
					"$(inherited)",
				);
				GCC_WARN_64_TO_32_BIT_CONVERSION = YES;
				GCC_WARN_ABOUT_RETURN_TYPE = YES_ERROR;
				GCC_WARN_UNDECLARED_SELECTOR = YES;
				GCC_WARN_UNINITIALIZED_AUTOS = YES_AGGRESSIVE;
				GCC_WARN_UNUSED_FUNCTION = YES;
				GCC_WARN_UNUSED_VARIABLE = YES;
				IPHONEOS_DEPLOYMENT_TARGET = 14.4;
				MTL_ENABLE_DEBUG_INFO = INCLUDE_SOURCE;
				MTL_FAST_MATH = YES;
				ONLY_ACTIVE_ARCH = YES;
				SDKROOT = iphoneos;
				SWIFT_ACTIVE_COMPILATION_CONDITIONS = DEBUG;
				SWIFT_OPTIMIZATION_LEVEL = "-Onone";
			};
			name = Debug;
		};
		79D61F292627079E009EA86A /* Release */ = {
			isa = XCBuildConfiguration;
			buildSettings = {
				ALWAYS_SEARCH_USER_PATHS = NO;
				CLANG_ANALYZER_NONNULL = YES;
				CLANG_ANALYZER_NUMBER_OBJECT_CONVERSION = YES_AGGRESSIVE;
				CLANG_CXX_LANGUAGE_STANDARD = "gnu++14";
				CLANG_CXX_LIBRARY = "libc++";
				CLANG_ENABLE_MODULES = YES;
				CLANG_ENABLE_OBJC_ARC = YES;
				CLANG_ENABLE_OBJC_WEAK = YES;
				CLANG_WARN_BLOCK_CAPTURE_AUTORELEASING = YES;
				CLANG_WARN_BOOL_CONVERSION = YES;
				CLANG_WARN_COMMA = YES;
				CLANG_WARN_CONSTANT_CONVERSION = YES;
				CLANG_WARN_DEPRECATED_OBJC_IMPLEMENTATIONS = YES;
				CLANG_WARN_DIRECT_OBJC_ISA_USAGE = YES_ERROR;
				CLANG_WARN_DOCUMENTATION_COMMENTS = YES;
				CLANG_WARN_EMPTY_BODY = YES;
				CLANG_WARN_ENUM_CONVERSION = YES;
				CLANG_WARN_INFINITE_RECURSION = YES;
				CLANG_WARN_INT_CONVERSION = YES;
				CLANG_WARN_NON_LITERAL_NULL_CONVERSION = YES;
				CLANG_WARN_OBJC_IMPLICIT_RETAIN_SELF = YES;
				CLANG_WARN_OBJC_LITERAL_CONVERSION = YES;
				CLANG_WARN_OBJC_ROOT_CLASS = YES_ERROR;
				CLANG_WARN_QUOTED_INCLUDE_IN_FRAMEWORK_HEADER = YES;
				CLANG_WARN_RANGE_LOOP_ANALYSIS = YES;
				CLANG_WARN_STRICT_PROTOTYPES = YES;
				CLANG_WARN_SUSPICIOUS_MOVE = YES;
				CLANG_WARN_UNGUARDED_AVAILABILITY = YES_AGGRESSIVE;
				CLANG_WARN_UNREACHABLE_CODE = YES;
				CLANG_WARN__DUPLICATE_METHOD_MATCH = YES;
				COPY_PHASE_STRIP = NO;
				DEBUG_INFORMATION_FORMAT = "dwarf-with-dsym";
				ENABLE_NS_ASSERTIONS = NO;
				ENABLE_STRICT_OBJC_MSGSEND = YES;
				GCC_C_LANGUAGE_STANDARD = gnu11;
				GCC_NO_COMMON_BLOCKS = YES;
				GCC_WARN_64_TO_32_BIT_CONVERSION = YES;
				GCC_WARN_ABOUT_RETURN_TYPE = YES_ERROR;
				GCC_WARN_UNDECLARED_SELECTOR = YES;
				GCC_WARN_UNINITIALIZED_AUTOS = YES_AGGRESSIVE;
				GCC_WARN_UNUSED_FUNCTION = YES;
				GCC_WARN_UNUSED_VARIABLE = YES;
				IPHONEOS_DEPLOYMENT_TARGET = 14.4;
				MTL_ENABLE_DEBUG_INFO = NO;
				MTL_FAST_MATH = YES;
				SDKROOT = iphoneos;
				SWIFT_COMPILATION_MODE = wholemodule;
				SWIFT_OPTIMIZATION_LEVEL = "-O";
				VALIDATE_PRODUCT = YES;
			};
			name = Release;
		};
		79D61F2B2627079E009EA86A /* Debug */ = {
			isa = XCBuildConfiguration;
			buildSettings = {
				ASSETCATALOG_COMPILER_APPICON_NAME = AppIcon;
				ASSETCATALOG_COMPILER_GLOBAL_ACCENT_COLOR_NAME = AccentColor;
				CODE_SIGN_STYLE = Automatic;
				DEVELOPMENT_ASSET_PATHS = "\"GenericGradientProgressViewSwiftUI/Preview Content\"";
				ENABLE_PREVIEWS = YES;
				INFOPLIST_FILE = GenericGradientProgressViewSwiftUI/Info.plist;
				LD_RUNPATH_SEARCH_PATHS = (
					"$(inherited)",
					"@executable_path/Frameworks",
				);
				PRODUCT_BUNDLE_IDENTIFIER = asif.GenericGradientProgressView.GenericGradientProgressViewSwiftUI;
				PRODUCT_NAME = "$(TARGET_NAME)";
				SWIFT_VERSION = 5.0;
				TARGETED_DEVICE_FAMILY = "1,2";
			};
			name = Debug;
		};
		79D61F2C2627079E009EA86A /* Release */ = {
			isa = XCBuildConfiguration;
			buildSettings = {
				ASSETCATALOG_COMPILER_APPICON_NAME = AppIcon;
				ASSETCATALOG_COMPILER_GLOBAL_ACCENT_COLOR_NAME = AccentColor;
				CODE_SIGN_STYLE = Automatic;
				DEVELOPMENT_ASSET_PATHS = "\"GenericGradientProgressViewSwiftUI/Preview Content\"";
				ENABLE_PREVIEWS = YES;
				INFOPLIST_FILE = GenericGradientProgressViewSwiftUI/Info.plist;
				LD_RUNPATH_SEARCH_PATHS = (
					"$(inherited)",
					"@executable_path/Frameworks",
				);
				PRODUCT_BUNDLE_IDENTIFIER = asif.GenericGradientProgressView.GenericGradientProgressViewSwiftUI;
				PRODUCT_NAME = "$(TARGET_NAME)";
				SWIFT_VERSION = 5.0;
				TARGETED_DEVICE_FAMILY = "1,2";
			};
			name = Release;
		};
/* End XCBuildConfiguration section */

/* Begin XCConfigurationList section */
		79D61F112627079C009EA86A /* Build configuration list for PBXProject "GenericGradientProgressViewSwiftUI" */ = {
			isa = XCConfigurationList;
			buildConfigurations = (
				79D61F282627079E009EA86A /* Debug */,
				79D61F292627079E009EA86A /* Release */,
			);
			defaultConfigurationIsVisible = 0;
			defaultConfigurationName = Release;
		};
		79D61F2A2627079E009EA86A /* Build configuration list for PBXNativeTarget "GenericGradientProgressViewSwiftUI" */ = {
			isa = XCConfigurationList;
			buildConfigurations = (
				79D61F2B2627079E009EA86A /* Debug */,
				79D61F2C2627079E009EA86A /* Release */,
			);
			defaultConfigurationIsVisible = 0;
			defaultConfigurationName = Release;
		};
/* End XCConfigurationList section */
	};
	rootObject = 79D61F0E2627079C009EA86A /* Project object */;
}
